
Microsoft Visual Studio Solution File, Format Version 12.00
# Visual Studio Version 17
VisualStudioVersion = 17.8.34309.116
MinimumVisualStudioVersion = 10.0.40219.1
Project("{9A19103F-16F7-4668-BE54-9A1E7A4F7556}") = "ResumeReviewer", "ResumeReviwer\ResumeReviewer.csproj", "{8AD7FB31-5711-4A8A-9625-E2092906169F}"
EndProject
Global
	GlobalSection(SolutionConfigurationPlatforms) = preSolution
		Debug|Any CPU = Debug|Any CPU
		Release|Any CPU = Release|Any CPU
	EndGlobalSection
	GlobalSection(ProjectConfigurationPlatforms) = postSolution
		{8AD7FB31-5711-4A8A-9625-E2092906169F}.Debug|Any CPU.ActiveCfg = Debug|Any CPU
		{8AD7FB31-5711-4A8A-9625-E2092906169F}.Debug|Any CPU.Build.0 = Debug|Any CPU
		{8AD7FB31-5711-4A8A-9625-E2092906169F}.Release|Any CPU.ActiveCfg = Release|Any CPU
		{8AD7FB31-5711-4A8A-9625-E2092906169F}.Release|Any CPU.Build.0 = Release|Any CPU
	EndGlobalSection
	GlobalSection(SolutionProperties) = preSolution
		HideSolutionNode = FALSE
	EndGlobalSection
	GlobalSection(ExtensibilityGlobals) = postSolution
		SolutionGuid = {FB80710A-3CB1-401D-BD1C-D7E4DE9D893B}
	EndGlobalSection
EndGlobal
